<?xml version="1.0" encoding="UTF-8"?>
<Scheme
   LastUpgradeVersion = "0720"
   version = "1.3">
   <BuildAction
      parallelizeBuildables = "YES"
      buildImplicitDependencies = "YES">
      <BuildActionEntries>
         <BuildActionEntry
            buildForTesting = "YES"
            buildForRunning = "YES"
            buildForProfiling = "YES"
            buildForArchiving = "YES"
            buildForAnalyzing = "YES">
            <BuildableReference
               BuildableIdentifier = "primary"
               BlueprintIdentifier = "0740CF2B1C4327A7004D382D"
               BuildableName = "Mini reto - Luis Jesu&#x301;s Torres Morales.app"
               BlueprintName = "Mini reto - Luis Jesu&#x301;s Torres Morales"
               ReferencedContainer = "container:Mini reto - Luis Jesu&#x301;s Torres Morales.xcodeproj">
            </BuildableReference>
         </BuildActionEntry>
      </BuildActionEntries>
   </BuildAction>
   <TestAction
      buildConfiguration = "Debug"
      selectedDebuggerIdentifier = "Xcode.DebuggerFoundation.Debugger.LLDB"
      selectedLauncherIdentifier = "Xcode.DebuggerFoundation.Launcher.LLDB"
      shouldUseLaunchSchemeArgsEnv = "YES">
      <Testables>
         <TestableReference
            skipped = "NO">
            <BuildableReference
               BuildableIdentifier = "primary"
               BlueprintIdentifier = "0740CF421C4327A8004D382D"
               BuildableName = "Mini reto - Luis Jesu&#x301;s Torres MoralesTests.xctest"
               BlueprintName = "Mini reto - Luis Jesu&#x301;s Torres MoralesTests"
               ReferencedContainer = "container:Mini reto - Luis Jesu&#x301;s Torres Morales.xcodeproj">
            </BuildableReference>
         </TestableReference>
         <TestableReference
            skipped = "NO">
            <BuildableReference
               BuildableIdentifier = "primary"
               BlueprintIdentifier = "0740CF4D1C4327A8004D382D"
               BuildableName = "Mini reto - Luis Jesu&#x301;s Torres MoralesUITests.xctest"
               BlueprintName = "Mini reto - Luis Jesu&#x301;s Torres MoralesUITests"
               ReferencedContainer = "container:Mini reto - Luis Jesu&#x301;s Torres Morales.xcodeproj">
            </BuildableReference>
         </TestableReference>
      </Testables>
      <MacroExpansion>
         <BuildableReference
            BuildableIdentifier = "primary"
            BlueprintIdentifier = "0740CF2B1C4327A7004D382D"
            BuildableName = "Mini reto - Luis Jesu&#x301;s Torres Morales.app"
            BlueprintName = "Mini reto - Luis Jesu&#x301;s Torres Morales"
            ReferencedContainer = "container:Mini reto - Luis Jesu&#x301;s Torres Morales.xcodeproj">
         </BuildableReference>
      </MacroExpansion>
      <AdditionalOptions>
      </AdditionalOptions>
   </TestAction>
   <LaunchAction
      buildConfiguration = "Debug"
      selectedDebuggerIdentifier = "Xcode.DebuggerFoundation.Debugger.LLDB"
      selectedLauncherIdentifier = "Xcode.DebuggerFoundation.Launcher.LLDB"
      launchStyle = "0"
      useCustomWorkingDirectory = "NO"
      ignoresPersistentStateOnLaunch = "NO"
      debugDocumentVersioning = "YES"
      debugServiceExtension = "internal"
      allowLocationSimulation = "YES">
      <BuildableProductRunnable
         runnableDebuggingMode = "0">
         <BuildableReference
            BuildableIdentifier = "primary"
            BlueprintIdentifier = "0740CF2B1C4327A7004D382D"
            BuildableName = "Mini reto - Luis Jesu&#x301;s Torres Morales.app"
            BlueprintName = "Mini reto - Luis Jesu&#x301;s Torres Morales"
            ReferencedContainer = "container:Mini reto - Luis Jesu&#x301;s Torres Morales.xcodeproj">
         </BuildableReference>
      </BuildableProductRunnable>
      <AdditionalOptions>
      </AdditionalOptions>
   </LaunchAction>
   <ProfileAction
      buildConfiguration = "Release"
      shouldUseLaunchSchemeArgsEnv = "YES"
      savedToolIdentifier = ""
      useCustomWorkingDirectory = "NO"
      debugDocumentVersioning = "YES">
      <BuildableProductRunnable
         runnableDebuggingMode = "0">
         <BuildableReference
            BuildableIdentifier = "primary"
            BlueprintIdentifier = "0740CF2B1C4327A7004D382D"
            BuildableName = "Mini reto - Luis Jesu&#x301;s Torres Morales.app"
            BlueprintName = "Mini reto - Luis Jesu&#x301;s Torres Morales"
            ReferencedContainer = "container:Mini reto - Luis Jesu&#x301;s Torres Morales.xcodeproj">
         </BuildableReference>
      </BuildableProductRunnable>
   </ProfileAction>
   <AnalyzeAction
      buildConfiguration = "Debug">
   </AnalyzeAction>
   <ArchiveAction
      buildConfiguration = "Release"
      revealArchiveInOrganizer = "YES">
   </ArchiveAction>
</Scheme>
